
Microsoft Visual Studio Solution File, Format Version 12.00
Project("{2150E333-8FDC-42A3-9474-1A3956D46DE8}") = "SolutionItems", "SolutionItems", "{875C5DC5-C734-46C5-9D8D-F82F9B9D057A}"
	ProjectSection(SolutionItems) = preProject
		.dockerignore = .dockerignore
		.gitignore = .gitignore
		README.md = README.md
		Requirements.txt = Requirements.txt
		Dockerfile = Dockerfile
	EndProjectSection
EndProject
Project("{FAE04EC0-301F-11D3-BF4B-00C04F79EFBC}") = "FootballManager.Api", "src\FootballManager.Api\FootballManager.Api.csproj", "{BADFBB66-75C5-4D90-A7D3-4851F57E50EA}"
EndProject
Project("{2150E333-8FDC-42A3-9474-1A3956D46DE8}") = "src", "src", "{3DA3E018-78AA-4FFE-8E82-298E4B587408}"
EndProject
Project("{2150E333-8FDC-42A3-9474-1A3956D46DE8}") = "test", "test", "{3528B46A-BB42-41F4-A217-DF0868F9A1DF}"
EndProject
Project("{FAE04EC0-301F-11D3-BF4B-00C04F79EFBC}") = "FootballManager.Core", "src\FootballManager.Core\FootballManager.Core.csproj", "{7ACB208A-23E8-400F-AE49-653B12A1DB17}"
EndProject
Project("{FAE04EC0-301F-11D3-BF4B-00C04F79EFBC}") = "FootballManager.Application", "src\FootballManager.Application\FootballManager.Application.csproj", "{64F12A85-E80F-4BA4-A4C0-A1E1A461B255}"
EndProject
Project("{FAE04EC0-301F-11D3-BF4B-00C04F79EFBC}") = "FootballManager.Infrastructure", "src\FootballManager.Infrastructure\FootballManager.Infrastructure.csproj", "{CE54A947-1FD8-4FF1-A904-B96112FB8777}"
EndProject
Global
	GlobalSection(SolutionConfigurationPlatforms) = preSolution
		Debug|Any CPU = Debug|Any CPU
		Release|Any CPU = Release|Any CPU
	EndGlobalSection
	GlobalSection(ProjectConfigurationPlatforms) = postSolution
		{BADFBB66-75C5-4D90-A7D3-4851F57E50EA}.Debug|Any CPU.ActiveCfg = Debug|Any CPU
		{BADFBB66-75C5-4D90-A7D3-4851F57E50EA}.Debug|Any CPU.Build.0 = Debug|Any CPU
		{BADFBB66-75C5-4D90-A7D3-4851F57E50EA}.Release|Any CPU.ActiveCfg = Release|Any CPU
		{BADFBB66-75C5-4D90-A7D3-4851F57E50EA}.Release|Any CPU.Build.0 = Release|Any CPU
		{7ACB208A-23E8-400F-AE49-653B12A1DB17}.Debug|Any CPU.ActiveCfg = Debug|Any CPU
		{7ACB208A-23E8-400F-AE49-653B12A1DB17}.Debug|Any CPU.Build.0 = Debug|Any CPU
		{7ACB208A-23E8-400F-AE49-653B12A1DB17}.Release|Any CPU.ActiveCfg = Release|Any CPU
		{7ACB208A-23E8-400F-AE49-653B12A1DB17}.Release|Any CPU.Build.0 = Release|Any CPU
		{64F12A85-E80F-4BA4-A4C0-A1E1A461B255}.Debug|Any CPU.ActiveCfg = Debug|Any CPU
		{64F12A85-E80F-4BA4-A4C0-A1E1A461B255}.Debug|Any CPU.Build.0 = Debug|Any CPU
		{64F12A85-E80F-4BA4-A4C0-A1E1A461B255}.Release|Any CPU.ActiveCfg = Release|Any CPU
		{64F12A85-E80F-4BA4-A4C0-A1E1A461B255}.Release|Any CPU.Build.0 = Release|Any CPU
		{CE54A947-1FD8-4FF1-A904-B96112FB8777}.Debug|Any CPU.ActiveCfg = Debug|Any CPU
		{CE54A947-1FD8-4FF1-A904-B96112FB8777}.Debug|Any CPU.Build.0 = Debug|Any CPU
		{CE54A947-1FD8-4FF1-A904-B96112FB8777}.Release|Any CPU.ActiveCfg = Release|Any CPU
		{CE54A947-1FD8-4FF1-A904-B96112FB8777}.Release|Any CPU.Build.0 = Release|Any CPU
	EndGlobalSection
	GlobalSection(NestedProjects) = preSolution
		{BADFBB66-75C5-4D90-A7D3-4851F57E50EA} = {3DA3E018-78AA-4FFE-8E82-298E4B587408}
		{7ACB208A-23E8-400F-AE49-653B12A1DB17} = {3DA3E018-78AA-4FFE-8E82-298E4B587408}
		{64F12A85-E80F-4BA4-A4C0-A1E1A461B255} = {3DA3E018-78AA-4FFE-8E82-298E4B587408}
		{CE54A947-1FD8-4FF1-A904-B96112FB8777} = {3DA3E018-78AA-4FFE-8E82-298E4B587408}
	EndGlobalSection
EndGlobal
